
Microsoft Visual Studio Solution File, Format Version 12.00
# Visual Studio Version 16
VisualStudioVersion = 16.0.30225.117
MinimumVisualStudioVersion = 10.0.40219.1
Project("{FAE04EC0-301F-11D3-BF4B-00C04F79EFBC}") = "Functions", "Functions\Functions.csproj", "{29A449C6-E1A2-4893-BEC6-101EDBD3D6ED}"
EndProject
Global
	GlobalSection(SolutionConfigurationPlatforms) = preSolution
		Debug|Any CPU = Debug|Any CPU
		Release|Any CPU = Release|Any CPU
	EndGlobalSection
	GlobalSection(ProjectConfigurationPlatforms) = postSolution
		{29A449C6-E1A2-4893-BEC6-101EDBD3D6ED}.Debug|Any CPU.ActiveCfg = Debug|Any CPU
		{29A449C6-E1A2-4893-BEC6-101EDBD3D6ED}.Debug|Any CPU.Build.0 = Debug|Any CPU
		{29A449C6-E1A2-4893-BEC6-101EDBD3D6ED}.Release|Any CPU.ActiveCfg = Release|Any CPU
		{29A449C6-E1A2-4893-BEC6-101EDBD3D6ED}.Release|Any CPU.Build.0 = Release|Any CPU
	EndGlobalSection
	GlobalSection(SolutionProperties) = preSolution
		HideSolutionNode = FALSE
	EndGlobalSection
	GlobalSection(ExtensibilityGlobals) = postSolution
		SolutionGuid = {D26D6A6B-EA52-4D39-92A9-932A6512C731}
	EndGlobalSection
EndGlobal
